
Microsoft Visual Studio Solution File, Format Version 12.00
# Visual Studio Version 17
VisualStudioVersion = 17.10.34928.147
MinimumVisualStudioVersion = 10.0.40219.1
Project("{FAE04EC0-301F-11D3-BF4B-00C04F79EFBC}") = "ProductAppCore", "ProductAppCore\ProductAppCore.csproj", "{D9C9E3E0-9CA5-42FB-9E49-3CA55359920A}"
EndProject
Global
	GlobalSection(SolutionConfigurationPlatforms) = preSolution
		Debug|Any CPU = Debug|Any CPU
		Release|Any CPU = Release|Any CPU
	EndGlobalSection
	GlobalSection(ProjectConfigurationPlatforms) = postSolution
		{D9C9E3E0-9CA5-42FB-9E49-3CA55359920A}.Debug|Any CPU.ActiveCfg = Debug|Any CPU
		{D9C9E3E0-9CA5-42FB-9E49-3CA55359920A}.Debug|Any CPU.Build.0 = Debug|Any CPU
		{D9C9E3E0-9CA5-42FB-9E49-3CA55359920A}.Release|Any CPU.ActiveCfg = Release|Any CPU
		{D9C9E3E0-9CA5-42FB-9E49-3CA55359920A}.Release|Any CPU.Build.0 = Release|Any CPU
	EndGlobalSection
	GlobalSection(SolutionProperties) = preSolution
		HideSolutionNode = FALSE
	EndGlobalSection
	GlobalSection(ExtensibilityGlobals) = postSolution
		SolutionGuid = {CC33C8FC-537A-494B-9E7A-C65D649EBE6B}
	EndGlobalSection
EndGlobal
